// !$*UTF8*$!
{
	archiveVersion = 1;
	classes = {
	};
	objectVersion = 52;
	objects = {

/* Begin PBXBuildFile section */
		3A654930256E94CF00404AA9 /* NetflixCloneApp.swift in Sources */ = {isa = PBXBuildFile; fileRef = 3A65492F256E94CF00404AA9 /* NetflixCloneApp.swift */; };
		3A654932256E94CF00404AA9 /* ContentView.swift in Sources */ = {isa = PBXBuildFile; fileRef = 3A654931256E94CF00404AA9 /* ContentView.swift */; };
		3A654934256E94D000404AA9 /* Assets.xcassets in Resources */ = {isa = PBXBuildFile; fileRef = 3A654933256E94D000404AA9 /* Assets.xcassets */; };
		3A654937256E94D000404AA9 /* Preview Assets.xcassets in Resources */ = {isa = PBXBuildFile; fileRef = 3A654936256E94D000404AA9 /* Preview Assets.xcassets */; };
		3A654945256E955900404AA9 /* HomeView.swift in Sources */ = {isa = PBXBuildFile; fileRef = 3A654944256E955900404AA9 /* HomeView.swift */; };
		3A654949256E962100404AA9 /* KingfisherSwiftUI in Frameworks */ = {isa = PBXBuildFile; productRef = 3A654948256E962100404AA9 /* KingfisherSwiftUI */; };
		3A84A587256E9B24004B8370 /* HomeVM.swift in Sources */ = {isa = PBXBuildFile; fileRef = 3A84A586256E9B24004B8370 /* HomeVM.swift */; };
		3A84A58A256EAFA2004B8370 /* TopMoviePreview.swift in Sources */ = {isa = PBXBuildFile; fileRef = 3A84A589256EAFA2004B8370 /* TopMoviePreview.swift */; };
		3A84A58D256EB75D004B8370 /* SmallVerticalButton.swift in Sources */ = {isa = PBXBuildFile; fileRef = 3A84A58C256EB75D004B8370 /* SmallVerticalButton.swift */; };
		3A84A593256EBEB5004B8370 /* WhiteButton.swift in Sources */ = {isa = PBXBuildFile; fileRef = 3A84A592256EBEB5004B8370 /* WhiteButton.swift */; };
		3AC525CB256EEB1900EC1DCB /* MovieDetail.swift in Sources */ = {isa = PBXBuildFile; fileRef = 3AC525CA256EEB1900EC1DCB /* MovieDetail.swift */; };
		3AC525CE256EF3D100EC1DCB /* Episode.swift in Sources */ = {isa = PBXBuildFile; fileRef = 3AC525CD256EF3D100EC1DCB /* Episode.swift */; };
		3AD8DC25256E979A00487E56 /* Movie.swift in Sources */ = {isa = PBXBuildFile; fileRef = 3AD8DC24256E979A00487E56 /* Movie.swift */; };
		3AD8DC28256E980800487E56 /* StandardHomeMovie.swift in Sources */ = {isa = PBXBuildFile; fileRef = 3AD8DC27256E980800487E56 /* StandardHomeMovie.swift */; };
		3AD8DC2C256E986D00487E56 /* GlobalHelpers.swift in Sources */ = {isa = PBXBuildFile; fileRef = 3AD8DC2B256E986D00487E56 /* GlobalHelpers.swift */; };
/* End PBXBuildFile section */

/* Begin PBXFileReference section */
		3A65492C256E94CF00404AA9 /* NetflixClone.app */ = {isa = PBXFileReference; explicitFileType = wrapper.application; includeInIndex = 0; path = NetflixClone.app; sourceTree = BUILT_PRODUCTS_DIR; };
		3A65492F256E94CF00404AA9 /* NetflixCloneApp.swift */ = {isa = PBXFileReference; lastKnownFileType = sourcecode.swift; path = NetflixCloneApp.swift; sourceTree = "<group>"; };
		3A654931256E94CF00404AA9 /* ContentView.swift */ = {isa = PBXFileReference; lastKnownFileType = sourcecode.swift; path = ContentView.swift; sourceTree = "<group>"; };
		3A654933256E94D000404AA9 /* Assets.xcassets */ = {isa = PBXFileReference; lastKnownFileType = folder.assetcatalog; path = Assets.xcassets; sourceTree = "<group>"; };
		3A654936256E94D000404AA9 /* Preview Assets.xcassets */ = {isa = PBXFileReference; lastKnownFileType = folder.assetcatalog; path = "Preview Assets.xcassets"; sourceTree = "<group>"; };
		3A654938256E94D000404AA9 /* Info.plist */ = {isa = PBXFileReference; lastKnownFileType = text.plist.xml; path = Info.plist; sourceTree = "<group>"; };
		3A654944256E955900404AA9 /* HomeView.swift */ = {isa = PBXFileReference; lastKnownFileType = sourcecode.swift; path = HomeView.swift; sourceTree = "<group>"; };
		3A84A586256E9B24004B8370 /* HomeVM.swift */ = {isa = PBXFileReference; lastKnownFileType = sourcecode.swift; path = HomeVM.swift; sourceTree = "<group>"; };
		3A84A589256EAFA2004B8370 /* TopMoviePreview.swift */ = {isa = PBXFileReference; lastKnownFileType = sourcecode.swift; path = TopMoviePreview.swift; sourceTree = "<group>"; };
		3A84A58C256EB75D004B8370 /* SmallVerticalButton.swift */ = {isa = PBXFileReference; lastKnownFileType = sourcecode.swift; path = SmallVerticalButton.swift; sourceTree = "<group>"; };
		3A84A592256EBEB5004B8370 /* WhiteButton.swift */ = {isa = PBXFileReference; lastKnownFileType = sourcecode.swift; path = WhiteButton.swift; sourceTree = "<group>"; };
		3AC525CA256EEB1900EC1DCB /* MovieDetail.swift */ = {isa = PBXFileReference; lastKnownFileType = sourcecode.swift; path = MovieDetail.swift; sourceTree = "<group>"; };
		3AC525CD256EF3D100EC1DCB /* Episode.swift */ = {isa = PBXFileReference; lastKnownFileType = sourcecode.swift; path = Episode.swift; sourceTree = "<group>"; };
		3AD8DC24256E979A00487E56 /* Movie.swift */ = {isa = PBXFileReference; lastKnownFileType = sourcecode.swift; path = Movie.swift; sourceTree = "<group>"; };
		3AD8DC27256E980800487E56 /* StandardHomeMovie.swift */ = {isa = PBXFileReference; lastKnownFileType = sourcecode.swift; path = StandardHomeMovie.swift; sourceTree = "<group>"; };
		3AD8DC2B256E986D00487E56 /* GlobalHelpers.swift */ = {isa = PBXFileReference; lastKnownFileType = sourcecode.swift; path = GlobalHelpers.swift; sourceTree = "<group>"; };
/* End PBXFileReference section */

/* Begin PBXFrameworksBuildPhase section */
		3A654929256E94CF00404AA9 /* Frameworks */ = {
			isa = PBXFrameworksBuildPhase;
			buildActionMask = 2147483647;
			files = (
				3A654949256E962100404AA9 /* KingfisherSwiftUI in Frameworks */,
			);
			runOnlyForDeploymentPostprocessing = 0;
		};
/* End PBXFrameworksBuildPhase section */

/* Begin PBXGroup section */
		3A654923256E94CF00404AA9 = {
			isa = PBXGroup;
			children = (
				3A65492E256E94CF00404AA9 /* NetflixClone */,
				3A65492D256E94CF00404AA9 /* Products */,
			);
			sourceTree = "<group>";
		};
		3A65492D256E94CF00404AA9 /* Products */ = {
			isa = PBXGroup;
			children = (
				3A65492C256E94CF00404AA9 /* NetflixClone.app */,
			);
			name = Products;
			sourceTree = "<group>";
		};
		3A65492E256E94CF00404AA9 /* NetflixClone */ = {
			isa = PBXGroup;
			children = (
				3A84A584256E9AFF004B8370 /* ViewModel */,
				3AD8DC22256E977700487E56 /* Model */,
				3A65494B256E967300404AA9 /* Utilities */,
				3A654943256E954100404AA9 /* Views */,
				3A654941256E952D00404AA9 /* App */,
				3A654933256E94D000404AA9 /* Assets.xcassets */,
				3A654935256E94D000404AA9 /* Preview Content */,
			);
			path = NetflixClone;
			sourceTree = "<group>";
		};
		3A654935256E94D000404AA9 /* Preview Content */ = {
			isa = PBXGroup;
			children = (
				3A654936256E94D000404AA9 /* Preview Assets.xcassets */,
			);
			path = "Preview Content";
			sourceTree = "<group>";
		};
		3A654941256E952D00404AA9 /* App */ = {
			isa = PBXGroup;
			children = (
				3A654944256E955900404AA9 /* HomeView.swift */,
				3A65492F256E94CF00404AA9 /* NetflixCloneApp.swift */,
				3A654931256E94CF00404AA9 /* ContentView.swift */,
				3AC525CA256EEB1900EC1DCB /* MovieDetail.swift */,
			);
			path = App;
			sourceTree = "<group>";
		};
		3A654943256E954100404AA9 /* Views */ = {
			isa = PBXGroup;
			children = (
				3AD8DC27256E980800487E56 /* StandardHomeMovie.swift */,
				3A84A589256EAFA2004B8370 /* TopMoviePreview.swift */,
				3A84A58C256EB75D004B8370 /* SmallVerticalButton.swift */,
				3A84A592256EBEB5004B8370 /* WhiteButton.swift */,
			);
			path = Views;
			sourceTree = "<group>";
		};
		3A65494B256E967300404AA9 /* Utilities */ = {
			isa = PBXGroup;
			children = (
				3A654938256E94D000404AA9 /* Info.plist */,
				3AD8DC2B256E986D00487E56 /* GlobalHelpers.swift */,
			);
			path = Utilities;
			sourceTree = "<group>";
		};
		3A84A584256E9AFF004B8370 /* ViewModel */ = {
			isa = PBXGroup;
			children = (
				3A84A586256E9B24004B8370 /* HomeVM.swift */,
			);
			path = ViewModel;
			sourceTree = "<group>";
		};
		3AD8DC22256E977700487E56 /* Model */ = {
			isa = PBXGroup;
			children = (
				3AD8DC24256E979A00487E56 /* Movie.swift */,
				3AC525CD256EF3D100EC1DCB /* Episode.swift */,
			);
			path = Model;
			sourceTree = "<group>";
		};
/* End PBXGroup section */

/* Begin PBXNativeTarget section */
		3A65492B256E94CF00404AA9 /* NetflixClone */ = {
			isa = PBXNativeTarget;
			buildConfigurationList = 3A65493B256E94D000404AA9 /* Build configuration list for PBXNativeTarget "NetflixClone" */;
			buildPhases = (
				3A654928256E94CF00404AA9 /* Sources */,
				3A654929256E94CF00404AA9 /* Frameworks */,
				3A65492A256E94CF00404AA9 /* Resources */,
			);
			buildRules = (
			);
			dependencies = (
			);
			name = NetflixClone;
			packageProductDependencies = (
				3A654948256E962100404AA9 /* KingfisherSwiftUI */,
			);
			productName = NetflixClone;
			productReference = 3A65492C256E94CF00404AA9 /* NetflixClone.app */;
			productType = "com.apple.product-type.application";
		};
/* End PBXNativeTarget section */

/* Begin PBXProject section */
		3A654924256E94CF00404AA9 /* Project object */ = {
			isa = PBXProject;
			attributes = {
				LastSwiftUpdateCheck = 1220;
				LastUpgradeCheck = 1220;
				TargetAttributes = {
					3A65492B256E94CF00404AA9 = {
						CreatedOnToolsVersion = 12.2;
					};
				};
			};
			buildConfigurationList = 3A654927256E94CF00404AA9 /* Build configuration list for PBXProject "NetflixClone" */;
			compatibilityVersion = "Xcode 9.3";
			developmentRegion = en;
			hasScannedForEncodings = 0;
			knownRegions = (
				en,
				Base,
			);
			mainGroup = 3A654923256E94CF00404AA9;
			packageReferences = (
				3A654947256E962100404AA9 /* XCRemoteSwiftPackageReference "Kingfisher" */,
			);
			productRefGroup = 3A65492D256E94CF00404AA9 /* Products */;
			projectDirPath = "";
			projectRoot = "";
			targets = (
				3A65492B256E94CF00404AA9 /* NetflixClone */,
			);
		};
/* End PBXProject section */

/* Begin PBXResourcesBuildPhase section */
		3A65492A256E94CF00404AA9 /* Resources */ = {
			isa = PBXResourcesBuildPhase;
			buildActionMask = 2147483647;
			files = (
				3A654937256E94D000404AA9 /* Preview Assets.xcassets in Resources */,
				3A654934256E94D000404AA9 /* Assets.xcassets in Resources */,
			);
			runOnlyForDeploymentPostprocessing = 0;
		};
/* End PBXResourcesBuildPhase section */

/* Begin PBXSourcesBuildPhase section */
		3A654928256E94CF00404AA9 /* Sources */ = {
			isa = PBXSourcesBuildPhase;
			buildActionMask = 2147483647;
			files = (
				3AD8DC2C256E986D00487E56 /* GlobalHelpers.swift in Sources */,
				3AC525CE256EF3D100EC1DCB /* Episode.swift in Sources */,
				3A84A593256EBEB5004B8370 /* WhiteButton.swift in Sources */,
				3A654945256E955900404AA9 /* HomeView.swift in Sources */,
				3A84A587256E9B24004B8370 /* HomeVM.swift in Sources */,
				3A654932256E94CF00404AA9 /* ContentView.swift in Sources */,
				3AD8DC28256E980800487E56 /* StandardHomeMovie.swift in Sources */,
				3A84A58A256EAFA2004B8370 /* TopMoviePreview.swift in Sources */,
				3AD8DC25256E979A00487E56 /* Movie.swift in Sources */,
				3A654930256E94CF00404AA9 /* NetflixCloneApp.swift in Sources */,
				3A84A58D256EB75D004B8370 /* SmallVerticalButton.swift in Sources */,
				3AC525CB256EEB1900EC1DCB /* MovieDetail.swift in Sources */,
			);
			runOnlyForDeploymentPostprocessing = 0;
		};
/* End PBXSourcesBuildPhase section */

/* Begin XCBuildConfiguration section */
		3A654939256E94D000404AA9 /* Debug */ = {
			isa = XCBuildConfiguration;
			buildSettings = {
				ALWAYS_SEARCH_USER_PATHS = NO;
				CLANG_ANALYZER_NONNULL = YES;
				CLANG_ANALYZER_NUMBER_OBJECT_CONVERSION = YES_AGGRESSIVE;
				CLANG_CXX_LANGUAGE_STANDARD = "gnu++14";
				CLANG_CXX_LIBRARY = "libc++";
				CLANG_ENABLE_MODULES = YES;
				CLANG_ENABLE_OBJC_ARC = YES;
				CLANG_ENABLE_OBJC_WEAK = YES;
				CLANG_WARN_BLOCK_CAPTURE_AUTORELEASING = YES;
				CLANG_WARN_BOOL_CONVERSION = YES;
				CLANG_WARN_COMMA = YES;
				CLANG_WARN_CONSTANT_CONVERSION = YES;
				CLANG_WARN_DEPRECATED_OBJC_IMPLEMENTATIONS = YES;
				CLANG_WARN_DIRECT_OBJC_ISA_USAGE = YES_ERROR;
				CLANG_WARN_DOCUMENTATION_COMMENTS = YES;
				CLANG_WARN_EMPTY_BODY = YES;
				CLANG_WARN_ENUM_CONVERSION = YES;
				CLANG_WARN_INFINITE_RECURSION = YES;
				CLANG_WARN_INT_CONVERSION = YES;
				CLANG_WARN_NON_LITERAL_NULL_CONVERSION = YES;
				CLANG_WARN_OBJC_IMPLICIT_RETAIN_SELF = YES;
				CLANG_WARN_OBJC_LITERAL_CONVERSION = YES;
				CLANG_WARN_OBJC_ROOT_CLASS = YES_ERROR;
				CLANG_WARN_QUOTED_INCLUDE_IN_FRAMEWORK_HEADER = YES;
				CLANG_WARN_RANGE_LOOP_ANALYSIS = YES;
				CLANG_WARN_STRICT_PROTOTYPES = YES;
				CLANG_WARN_SUSPICIOUS_MOVE = YES;
				CLANG_WARN_UNGUARDED_AVAILABILITY = YES_AGGRESSIVE;
				CLANG_WARN_UNREACHABLE_CODE = YES;
				CLANG_WARN__DUPLICATE_METHOD_MATCH = YES;
				COPY_PHASE_STRIP = NO;
				DEBUG_INFORMATION_FORMAT = dwarf;
				ENABLE_STRICT_OBJC_MSGSEND = YES;
				ENABLE_TESTABILITY = YES;
				GCC_C_LANGUAGE_STANDARD = gnu11;
				GCC_DYNAMIC_NO_PIC = NO;
				GCC_NO_COMMON_BLOCKS = YES;
				GCC_OPTIMIZATION_LEVEL = 0;
				GCC_PREPROCESSOR_DEFINITIONS = (
					"DEBUG=1",
					"$(inherited)",
				);
				GCC_WARN_64_TO_32_BIT_CONVERSION = YES;
				GCC_WARN_ABOUT_RETURN_TYPE = YES_ERROR;
				GCC_WARN_UNDECLARED_SELECTOR = YES;
				GCC_WARN_UNINITIALIZED_AUTOS = YES_AGGRESSIVE;
				GCC_WARN_UNUSED_FUNCTION = YES;
				GCC_WARN_UNUSED_VARIABLE = YES;
				IPHONEOS_DEPLOYMENT_TARGET = 14.2;
				MTL_ENABLE_DEBUG_INFO = INCLUDE_SOURCE;
				MTL_FAST_MATH = YES;
				ONLY_ACTIVE_ARCH = YES;
				SDKROOT = iphoneos;
				SWIFT_ACTIVE_COMPILATION_CONDITIONS = DEBUG;
				SWIFT_OPTIMIZATION_LEVEL = "-Onone";
			};
			name = Debug;
		};
		3A65493A256E94D000404AA9 /* Release */ = {
			isa = XCBuildConfiguration;
			buildSettings = {
				ALWAYS_SEARCH_USER_PATHS = NO;
				CLANG_ANALYZER_NONNULL = YES;
				CLANG_ANALYZER_NUMBER_OBJECT_CONVERSION = YES_AGGRESSIVE;
				CLANG_CXX_LANGUAGE_STANDARD = "gnu++14";
				CLANG_CXX_LIBRARY = "libc++";
				CLANG_ENABLE_MODULES = YES;
				CLANG_ENABLE_OBJC_ARC = YES;
				CLANG_ENABLE_OBJC_WEAK = YES;
				CLANG_WARN_BLOCK_CAPTURE_AUTORELEASING = YES;
				CLANG_WARN_BOOL_CONVERSION = YES;
				CLANG_WARN_COMMA = YES;
				CLANG_WARN_CONSTANT_CONVERSION = YES;
				CLANG_WARN_DEPRECATED_OBJC_IMPLEMENTATIONS = YES;
				CLANG_WARN_DIRECT_OBJC_ISA_USAGE = YES_ERROR;
				CLANG_WARN_DOCUMENTATION_COMMENTS = YES;
				CLANG_WARN_EMPTY_BODY = YES;
				CLANG_WARN_ENUM_CONVERSION = YES;
				CLANG_WARN_INFINITE_RECURSION = YES;
				CLANG_WARN_INT_CONVERSION = YES;
				CLANG_WARN_NON_LITERAL_NULL_CONVERSION = YES;
				CLANG_WARN_OBJC_IMPLICIT_RETAIN_SELF = YES;
				CLANG_WARN_OBJC_LITERAL_CONVERSION = YES;
				CLANG_WARN_OBJC_ROOT_CLASS = YES_ERROR;
				CLANG_WARN_QUOTED_INCLUDE_IN_FRAMEWORK_HEADER = YES;
				CLANG_WARN_RANGE_LOOP_ANALYSIS = YES;
				CLANG_WARN_STRICT_PROTOTYPES = YES;
				CLANG_WARN_SUSPICIOUS_MOVE = YES;
				CLANG_WARN_UNGUARDED_AVAILABILITY = YES_AGGRESSIVE;
				CLANG_WARN_UNREACHABLE_CODE = YES;
				CLANG_WARN__DUPLICATE_METHOD_MATCH = YES;
				COPY_PHASE_STRIP = NO;
				DEBUG_INFORMATION_FORMAT = "dwarf-with-dsym";
				ENABLE_NS_ASSERTIONS = NO;
				ENABLE_STRICT_OBJC_MSGSEND = YES;
				GCC_C_LANGUAGE_STANDARD = gnu11;
				GCC_NO_COMMON_BLOCKS = YES;
				GCC_WARN_64_TO_32_BIT_CONVERSION = YES;
				GCC_WARN_ABOUT_RETURN_TYPE = YES_ERROR;
				GCC_WARN_UNDECLARED_SELECTOR = YES;
				GCC_WARN_UNINITIALIZED_AUTOS = YES_AGGRESSIVE;
				GCC_WARN_UNUSED_FUNCTION = YES;
				GCC_WARN_UNUSED_VARIABLE = YES;
				IPHONEOS_DEPLOYMENT_TARGET = 14.2;
				MTL_ENABLE_DEBUG_INFO = NO;
				MTL_FAST_MATH = YES;
				SDKROOT = iphoneos;
				SWIFT_COMPILATION_MODE = wholemodule;
				SWIFT_OPTIMIZATION_LEVEL = "-O";
				VALIDATE_PRODUCT = YES;
			};
			name = Release;
		};
		3A65493C256E94D000404AA9 /* Debug */ = {
			isa = XCBuildConfiguration;
			buildSettings = {
				ASSETCATALOG_COMPILER_APPICON_NAME = AppIcon;
				ASSETCATALOG_COMPILER_GLOBAL_ACCENT_COLOR_NAME = AccentColor;
				CODE_SIGN_STYLE = Automatic;
				DEVELOPMENT_ASSET_PATHS = "\"NetflixClone/Preview Content\"";
				ENABLE_PREVIEWS = YES;
				INFOPLIST_FILE = NetflixClone/Utilities/Info.plist;
				IPHONEOS_DEPLOYMENT_TARGET = 14.0;
				LD_RUNPATH_SEARCH_PATHS = (
					"$(inherited)",
					"@executable_path/Frameworks",
				);
				PRODUCT_BUNDLE_IDENTIFIER = com.ronniejoubert.NetflixClone;
				PRODUCT_NAME = "$(TARGET_NAME)";
				SWIFT_VERSION = 5.0;
				TARGETED_DEVICE_FAMILY = "1,2";
			};
			name = Debug;
		};
		3A65493D256E94D000404AA9 /* Release */ = {
			isa = XCBuildConfiguration;
			buildSettings = {
				ASSETCATALOG_COMPILER_APPICON_NAME = AppIcon;
				ASSETCATALOG_COMPILER_GLOBAL_ACCENT_COLOR_NAME = AccentColor;
				CODE_SIGN_STYLE = Automatic;
				DEVELOPMENT_ASSET_PATHS = "\"NetflixClone/Preview Content\"";
				ENABLE_PREVIEWS = YES;
				INFOPLIST_FILE = NetflixClone/Utilities/Info.plist;
				IPHONEOS_DEPLOYMENT_TARGET = 14.0;
				LD_RUNPATH_SEARCH_PATHS = (
					"$(inherited)",
					"@executable_path/Frameworks",
				);
				PRODUCT_BUNDLE_IDENTIFIER = com.ronniejoubert.NetflixClone;
				PRODUCT_NAME = "$(TARGET_NAME)";
				SWIFT_VERSION = 5.0;
				TARGETED_DEVICE_FAMILY = "1,2";
			};
			name = Release;
		};
/* End XCBuildConfiguration section */

/* Begin XCConfigurationList section */
		3A654927256E94CF00404AA9 /* Build configuration list for PBXProject "NetflixClone" */ = {
			isa = XCConfigurationList;
			buildConfigurations = (
				3A654939256E94D000404AA9 /* Debug */,
				3A65493A256E94D000404AA9 /* Release */,
			);
			defaultConfigurationIsVisible = 0;
			defaultConfigurationName = Release;
		};
		3A65493B256E94D000404AA9 /* Build configuration list for PBXNativeTarget "NetflixClone" */ = {
			isa = XCConfigurationList;
			buildConfigurations = (
				3A65493C256E94D000404AA9 /* Debug */,
				3A65493D256E94D000404AA9 /* Release */,
			);
			defaultConfigurationIsVisible = 0;
			defaultConfigurationName = Release;
		};
/* End XCConfigurationList section */

/* Begin XCRemoteSwiftPackageReference section */
		3A654947256E962100404AA9 /* XCRemoteSwiftPackageReference "Kingfisher" */ = {
			isa = XCRemoteSwiftPackageReference;
			repositoryURL = "https://github.com/onevcat/Kingfisher";
			requirement = {
				kind = upToNextMajorVersion;
				minimumVersion = 5.15.7;
			};
		};
/* End XCRemoteSwiftPackageReference section */

/* Begin XCSwiftPackageProductDependency section */
		3A654948256E962100404AA9 /* KingfisherSwiftUI */ = {
			isa = XCSwiftPackageProductDependency;
			package = 3A654947256E962100404AA9 /* XCRemoteSwiftPackageReference "Kingfisher" */;
			productName = KingfisherSwiftUI;
		};
/* End XCSwiftPackageProductDependency section */
	};
	rootObject = 3A654924256E94CF00404AA9 /* Project object */;
}
